
Microsoft Visual Studio Solution File, Format Version 12.00
# Visual Studio Version 16
VisualStudioVersion = 16.0.32802.440
MinimumVisualStudioVersion = 10.0.40219.1
Project("{FAE04EC0-301F-11D3-BF4B-00C04F79EFBC}") = "While1", "While1\While1.csproj", "{D5927846-9804-46C3-A7E9-93C2DC94D3BF}"
EndProject
Global
	GlobalSection(SolutionConfigurationPlatforms) = preSolution
		Debug|Any CPU = Debug|Any CPU
		Release|Any CPU = Release|Any CPU
	EndGlobalSection
	GlobalSection(ProjectConfigurationPlatforms) = postSolution
		{D5927846-9804-46C3-A7E9-93C2DC94D3BF}.Debug|Any CPU.ActiveCfg = Debug|Any CPU
		{D5927846-9804-46C3-A7E9-93C2DC94D3BF}.Debug|Any CPU.Build.0 = Debug|Any CPU
		{D5927846-9804-46C3-A7E9-93C2DC94D3BF}.Release|Any CPU.ActiveCfg = Release|Any CPU
		{D5927846-9804-46C3-A7E9-93C2DC94D3BF}.Release|Any CPU.Build.0 = Release|Any CPU
	EndGlobalSection
	GlobalSection(SolutionProperties) = preSolution
		HideSolutionNode = FALSE
	EndGlobalSection
	GlobalSection(ExtensibilityGlobals) = postSolution
		SolutionGuid = {13410100-E711-4FBD-AFD3-CD51F10D4062}
	EndGlobalSection
EndGlobal
