
Microsoft Visual Studio Solution File, Format Version 12.00
# Visual Studio Version 17
VisualStudioVersion = 17.4.33205.214
MinimumVisualStudioVersion = 10.0.40219.1
Project("{9A19103F-16F7-4668-BE54-9A1E7A4F7556}") = "QuadraticEquation", "QuadraticEquation\QuadraticEquation.csproj", "{73047F51-F89C-469F-8CC4-8E1D943088E0}"
EndProject
Project("{9A19103F-16F7-4668-BE54-9A1E7A4F7556}") = "PointsAverage", "PointsAverage\PointsAverage.csproj", "{D0BF2533-D9D3-4105-B439-3680C756806E}"
EndProject
Project("{9A19103F-16F7-4668-BE54-9A1E7A4F7556}") = "SwitchValues", "SwitchValues\SwitchValues.csproj", "{27B18DB4-136B-4936-AD45-C6F9AF8D4526}"
EndProject
Project("{FAE04EC0-301F-11D3-BF4B-00C04F79EFBC}") = "While1", "While1\While1.csproj", "{9161A4E4-32D4-456A-845F-FAA9A433211E}"
EndProject
Global
	GlobalSection(SolutionConfigurationPlatforms) = preSolution
		Debug|Any CPU = Debug|Any CPU
		Release|Any CPU = Release|Any CPU
	EndGlobalSection
	GlobalSection(ProjectConfigurationPlatforms) = postSolution
		{73047F51-F89C-469F-8CC4-8E1D943088E0}.Debug|Any CPU.ActiveCfg = Debug|Any CPU
		{73047F51-F89C-469F-8CC4-8E1D943088E0}.Debug|Any CPU.Build.0 = Debug|Any CPU
		{73047F51-F89C-469F-8CC4-8E1D943088E0}.Release|Any CPU.ActiveCfg = Release|Any CPU
		{73047F51-F89C-469F-8CC4-8E1D943088E0}.Release|Any CPU.Build.0 = Release|Any CPU
		{D0BF2533-D9D3-4105-B439-3680C756806E}.Debug|Any CPU.ActiveCfg = Debug|Any CPU
		{D0BF2533-D9D3-4105-B439-3680C756806E}.Debug|Any CPU.Build.0 = Debug|Any CPU
		{D0BF2533-D9D3-4105-B439-3680C756806E}.Release|Any CPU.ActiveCfg = Release|Any CPU
		{D0BF2533-D9D3-4105-B439-3680C756806E}.Release|Any CPU.Build.0 = Release|Any CPU
		{27B18DB4-136B-4936-AD45-C6F9AF8D4526}.Debug|Any CPU.ActiveCfg = Debug|Any CPU
		{27B18DB4-136B-4936-AD45-C6F9AF8D4526}.Debug|Any CPU.Build.0 = Debug|Any CPU
		{27B18DB4-136B-4936-AD45-C6F9AF8D4526}.Release|Any CPU.ActiveCfg = Release|Any CPU
		{27B18DB4-136B-4936-AD45-C6F9AF8D4526}.Release|Any CPU.Build.0 = Release|Any CPU
		{9161A4E4-32D4-456A-845F-FAA9A433211E}.Debug|Any CPU.ActiveCfg = Debug|Any CPU
		{9161A4E4-32D4-456A-845F-FAA9A433211E}.Debug|Any CPU.Build.0 = Debug|Any CPU
		{9161A4E4-32D4-456A-845F-FAA9A433211E}.Release|Any CPU.ActiveCfg = Release|Any CPU
		{9161A4E4-32D4-456A-845F-FAA9A433211E}.Release|Any CPU.Build.0 = Release|Any CPU
	EndGlobalSection
	GlobalSection(SolutionProperties) = preSolution
		HideSolutionNode = FALSE
	EndGlobalSection
	GlobalSection(ExtensibilityGlobals) = postSolution
		SolutionGuid = {3690E681-AFA2-484B-88E9-60180DA48547}
	EndGlobalSection
EndGlobal
