
Microsoft Visual Studio Solution File, Format Version 12.00
# Visual Studio Version 17
VisualStudioVersion = 17.3.32929.385
MinimumVisualStudioVersion = 10.0.40219.1
Project("{FAE04EC0-301F-11D3-BF4B-00C04F79EFBC}") = "PointsAverage", "PointsAverage.csproj", "{7564433E-A59E-45AB-AAFF-F8F3D868715A}"
EndProject
Global
	GlobalSection(SolutionConfigurationPlatforms) = preSolution
		Debug|Any CPU = Debug|Any CPU
		Release|Any CPU = Release|Any CPU
	EndGlobalSection
	GlobalSection(ProjectConfigurationPlatforms) = postSolution
		{7564433E-A59E-45AB-AAFF-F8F3D868715A}.Debug|Any CPU.ActiveCfg = Debug|Any CPU
		{7564433E-A59E-45AB-AAFF-F8F3D868715A}.Debug|Any CPU.Build.0 = Debug|Any CPU
		{7564433E-A59E-45AB-AAFF-F8F3D868715A}.Release|Any CPU.ActiveCfg = Release|Any CPU
		{7564433E-A59E-45AB-AAFF-F8F3D868715A}.Release|Any CPU.Build.0 = Release|Any CPU
	EndGlobalSection
	GlobalSection(SolutionProperties) = preSolution
		HideSolutionNode = FALSE
	EndGlobalSection
	GlobalSection(ExtensibilityGlobals) = postSolution
		SolutionGuid = {F16FFFBE-C34E-4D98-809D-5790C624BCE1}
	EndGlobalSection
EndGlobal
