
Microsoft Visual Studio Solution File, Format Version 12.00
# Visual Studio Version 16
VisualStudioVersion = 16.0.32802.440
MinimumVisualStudioVersion = 10.0.40219.1
Project("{FAE04EC0-301F-11D3-BF4B-00C04F79EFBC}") = "PointsAverage", "PointsAverage\PointsAverage.csproj", "{D3F5AE16-1FA4-4B60-99CC-53FE38C8BA23}"
EndProject
Global
	GlobalSection(SolutionConfigurationPlatforms) = preSolution
		Debug|Any CPU = Debug|Any CPU
		Release|Any CPU = Release|Any CPU
	EndGlobalSection
	GlobalSection(ProjectConfigurationPlatforms) = postSolution
		{D3F5AE16-1FA4-4B60-99CC-53FE38C8BA23}.Debug|Any CPU.ActiveCfg = Debug|Any CPU
		{D3F5AE16-1FA4-4B60-99CC-53FE38C8BA23}.Debug|Any CPU.Build.0 = Debug|Any CPU
		{D3F5AE16-1FA4-4B60-99CC-53FE38C8BA23}.Release|Any CPU.ActiveCfg = Release|Any CPU
		{D3F5AE16-1FA4-4B60-99CC-53FE38C8BA23}.Release|Any CPU.Build.0 = Release|Any CPU
	EndGlobalSection
	GlobalSection(SolutionProperties) = preSolution
		HideSolutionNode = FALSE
	EndGlobalSection
	GlobalSection(ExtensibilityGlobals) = postSolution
		SolutionGuid = {4CE64538-F5E0-4F14-8B63-AA028C69E7AD}
	EndGlobalSection
EndGlobal
