
Microsoft Visual Studio Solution File, Format Version 12.00
# Visual Studio Version 17
VisualStudioVersion = 17.3.32929.385
MinimumVisualStudioVersion = 10.0.40219.1
Project("{FAE04EC0-301F-11D3-BF4B-00C04F79EFBC}") = "PointsAverage", "PointsAverage\PointsAverage.csproj", "{71286153-AA30-466A-A8C6-BEF91FDBEAFD}"
EndProject
Global
	GlobalSection(SolutionConfigurationPlatforms) = preSolution
		Debug|Any CPU = Debug|Any CPU
		Release|Any CPU = Release|Any CPU
	EndGlobalSection
	GlobalSection(ProjectConfigurationPlatforms) = postSolution
		{71286153-AA30-466A-A8C6-BEF91FDBEAFD}.Debug|Any CPU.ActiveCfg = Debug|Any CPU
		{71286153-AA30-466A-A8C6-BEF91FDBEAFD}.Debug|Any CPU.Build.0 = Debug|Any CPU
		{71286153-AA30-466A-A8C6-BEF91FDBEAFD}.Release|Any CPU.ActiveCfg = Release|Any CPU
		{71286153-AA30-466A-A8C6-BEF91FDBEAFD}.Release|Any CPU.Build.0 = Release|Any CPU
	EndGlobalSection
	GlobalSection(SolutionProperties) = preSolution
		HideSolutionNode = FALSE
	EndGlobalSection
	GlobalSection(ExtensibilityGlobals) = postSolution
		SolutionGuid = {A0204E6F-9967-4D27-9FB2-3815B1F71AE0}
	EndGlobalSection
EndGlobal
