
Microsoft Visual Studio Solution File, Format Version 12.00
# Visual Studio Version 17
VisualStudioVersion = 17.3.32929.385
MinimumVisualStudioVersion = 10.0.40219.1
Project("{FAE04EC0-301F-11D3-BF4B-00C04F79EFBC}") = "SwitchValues", "SwitchValues\SwitchValues.csproj", "{FF9CED9C-5612-40DA-A3DA-2FDBF324B48E}"
EndProject
Global
	GlobalSection(SolutionConfigurationPlatforms) = preSolution
		Debug|Any CPU = Debug|Any CPU
		Release|Any CPU = Release|Any CPU
	EndGlobalSection
	GlobalSection(ProjectConfigurationPlatforms) = postSolution
		{FF9CED9C-5612-40DA-A3DA-2FDBF324B48E}.Debug|Any CPU.ActiveCfg = Debug|Any CPU
		{FF9CED9C-5612-40DA-A3DA-2FDBF324B48E}.Debug|Any CPU.Build.0 = Debug|Any CPU
		{FF9CED9C-5612-40DA-A3DA-2FDBF324B48E}.Release|Any CPU.ActiveCfg = Release|Any CPU
		{FF9CED9C-5612-40DA-A3DA-2FDBF324B48E}.Release|Any CPU.Build.0 = Release|Any CPU
	EndGlobalSection
	GlobalSection(SolutionProperties) = preSolution
		HideSolutionNode = FALSE
	EndGlobalSection
	GlobalSection(ExtensibilityGlobals) = postSolution
		SolutionGuid = {9E974437-39B7-4C49-A91F-3FB9F1484445}
	EndGlobalSection
EndGlobal
