
Microsoft Visual Studio Solution File, Format Version 12.00
# Visual Studio Version 17
VisualStudioVersion = 17.4.33122.133
MinimumVisualStudioVersion = 10.0.40219.1
Project("{FAE04EC0-301F-11D3-BF4B-00C04F79EFBC}") = "QuadraticEquation", "QuadraticEquation\QuadraticEquation.csproj", "{843946E4-1CA0-41C5-806C-926662F19A12}"
EndProject
Global
	GlobalSection(SolutionConfigurationPlatforms) = preSolution
		Debug|Any CPU = Debug|Any CPU
		Release|Any CPU = Release|Any CPU
	EndGlobalSection
	GlobalSection(ProjectConfigurationPlatforms) = postSolution
		{843946E4-1CA0-41C5-806C-926662F19A12}.Debug|Any CPU.ActiveCfg = Debug|Any CPU
		{843946E4-1CA0-41C5-806C-926662F19A12}.Debug|Any CPU.Build.0 = Debug|Any CPU
		{843946E4-1CA0-41C5-806C-926662F19A12}.Release|Any CPU.ActiveCfg = Release|Any CPU
		{843946E4-1CA0-41C5-806C-926662F19A12}.Release|Any CPU.Build.0 = Release|Any CPU
	EndGlobalSection
	GlobalSection(SolutionProperties) = preSolution
		HideSolutionNode = FALSE
	EndGlobalSection
	GlobalSection(ExtensibilityGlobals) = postSolution
		SolutionGuid = {41643C38-8796-423F-A2BA-1E9A57909D68}
	EndGlobalSection
EndGlobal
