
Microsoft Visual Studio Solution File, Format Version 12.00
# Visual Studio Version 17
VisualStudioVersion = 17.2.32526.322
MinimumVisualStudioVersion = 10.0.40219.1
Project("{FAE04EC0-301F-11D3-BF4B-00C04F79EFBC}") = "QuadraticEquation", "QuadraticEquation\QuadraticEquation.csproj", "{D4AC8F47-6827-43A5-9186-DF5508E0DAA8}"
EndProject
Global
	GlobalSection(SolutionConfigurationPlatforms) = preSolution
		Debug|Any CPU = Debug|Any CPU
		Release|Any CPU = Release|Any CPU
	EndGlobalSection
	GlobalSection(ProjectConfigurationPlatforms) = postSolution
		{D4AC8F47-6827-43A5-9186-DF5508E0DAA8}.Debug|Any CPU.ActiveCfg = Debug|Any CPU
		{D4AC8F47-6827-43A5-9186-DF5508E0DAA8}.Debug|Any CPU.Build.0 = Debug|Any CPU
		{D4AC8F47-6827-43A5-9186-DF5508E0DAA8}.Release|Any CPU.ActiveCfg = Release|Any CPU
		{D4AC8F47-6827-43A5-9186-DF5508E0DAA8}.Release|Any CPU.Build.0 = Release|Any CPU
	EndGlobalSection
	GlobalSection(SolutionProperties) = preSolution
		HideSolutionNode = FALSE
	EndGlobalSection
	GlobalSection(ExtensibilityGlobals) = postSolution
		SolutionGuid = {D28ED957-1FBE-4511-B70B-2679107CF7B4}
	EndGlobalSection
EndGlobal
