
Microsoft Visual Studio Solution File, Format Version 12.00
# Visual Studio Version 17
VisualStudioVersion = 17.3.32901.215
MinimumVisualStudioVersion = 10.0.40219.1
Project("{FAE04EC0-301F-11D3-BF4B-00C04F79EFBC}") = "ConsoleApp1", "ConsoleApp1\ConsoleApp1.csproj", "{A5EE6C09-B3FC-4161-876B-EF0788B7D6A9}"
EndProject
Global
	GlobalSection(SolutionConfigurationPlatforms) = preSolution
		Debug|Any CPU = Debug|Any CPU
		Release|Any CPU = Release|Any CPU
	EndGlobalSection
	GlobalSection(ProjectConfigurationPlatforms) = postSolution
		{A5EE6C09-B3FC-4161-876B-EF0788B7D6A9}.Debug|Any CPU.ActiveCfg = Debug|Any CPU
		{A5EE6C09-B3FC-4161-876B-EF0788B7D6A9}.Debug|Any CPU.Build.0 = Debug|Any CPU
		{A5EE6C09-B3FC-4161-876B-EF0788B7D6A9}.Release|Any CPU.ActiveCfg = Release|Any CPU
		{A5EE6C09-B3FC-4161-876B-EF0788B7D6A9}.Release|Any CPU.Build.0 = Release|Any CPU
	EndGlobalSection
	GlobalSection(SolutionProperties) = preSolution
		HideSolutionNode = FALSE
	EndGlobalSection
	GlobalSection(ExtensibilityGlobals) = postSolution
		SolutionGuid = {95337FDB-A810-41DA-B3E1-B6E9C24FD544}
	EndGlobalSection
EndGlobal
